schema: '2.0'
stages:
  get_data:
    cmd: python src/get_data.py
    deps:
    - path: src/get_data.py
      md5: 536b17f26f401d992154ddd3c7e48de1
      size: 602
    outs:
    - path: dataset
      md5: 5a84bb806c75cbc704c9fb17e1ba8e44.dir
      size: 604940
      nfiles: 3
  preprocess:
    cmd: python src/text_preprocessing.py
    deps:
    - path: dataset
      md5: 5a84bb806c75cbc704c9fb17e1ba8e44.dir
      size: 604940
      nfiles: 3
    - path: src/text_preprocessing.py
      md5: ed0b9c3b0ff2d70215f4e58f517a46cf
      size: 2620
    outs:
    - path: output/preprocessed_data.joblib
      md5: 051d311c1f6b61939b17d3f43fb62cd6
      size: 691433
      isexec: true
    - path: output/preprocessor.joblib
      md5: a6b0ac60ec6eebc56b1485c13053cbe6
      size: 288061
      isexec: true
  train:
    cmd: python src/text_classification.py AdaBoost
    deps:
    - path: output/preprocessed_data.joblib
      md5: 051d311c1f6b61939b17d3f43fb62cd6
      size: 691433
    - path: output/preprocessor.joblib
      md5: a6b0ac60ec6eebc56b1485c13053cbe6
      size: 288061
    - path: src/text_classification.py
      md5: 1d942fb9e914d56328f4e64f2e083807
      size: 3503
    outs:
    - path: output/accuracy_scores.png
      md5: 54ba509ab430c7cac7249cf625b4ad4d
      size: 23945
      isexec: true
    - path: output/misclassified_msgs.txt
      md5: 249114c9e6a0ec0c8355f945857599b6
      size: 100264
      isexec: true
    - path: output/model.joblib
      md5: 7ceb91ab28ac5a271330efc03e580744
      size: 18962
      isexec: true
    - path: summary.json
      md5: 365c0c819e8276c0a1fbcba97ddbd8bc
      size: 203
